
Microsoft Visual Studio Solution File, Format Version 12.00
# Visual Studio Version 17
VisualStudioVersion = 17.14.36408.4
MinimumVisualStudioVersion = 10.0.40219.1
Project("{FAE04EC0-301F-11D3-BF4B-00C04F79EFBC}") = "GeoShapes", "GeoShapes.csproj", "{8890D18B-B2F5-409E-BE4C-828D5B4513C9}"
EndProject
Project("{FAE04EC0-301F-11D3-BF4B-00C04F79EFBC}") = "GeoShapesTest", "..\GeoShapesTest\GeoShapesTest.csproj", "{2D67DA9C-B615-439D-B13A-BD26B0C7ECC8}"
EndProject
Global
	GlobalSection(SolutionConfigurationPlatforms) = preSolution
		Debug|Any CPU = Debug|Any CPU
		Release|Any CPU = Release|Any CPU
	EndGlobalSection
	GlobalSection(ProjectConfigurationPlatforms) = postSolution
		{8890D18B-B2F5-409E-BE4C-828D5B4513C9}.Debug|Any CPU.ActiveCfg = Debug|Any CPU
		{8890D18B-B2F5-409E-BE4C-828D5B4513C9}.Debug|Any CPU.Build.0 = Debug|Any CPU
		{8890D18B-B2F5-409E-BE4C-828D5B4513C9}.Release|Any CPU.ActiveCfg = Release|Any CPU
		{8890D18B-B2F5-409E-BE4C-828D5B4513C9}.Release|Any CPU.Build.0 = Release|Any CPU
		{2D67DA9C-B615-439D-B13A-BD26B0C7ECC8}.Debug|Any CPU.ActiveCfg = Debug|Any CPU
		{2D67DA9C-B615-439D-B13A-BD26B0C7ECC8}.Debug|Any CPU.Build.0 = Debug|Any CPU
		{2D67DA9C-B615-439D-B13A-BD26B0C7ECC8}.Release|Any CPU.ActiveCfg = Release|Any CPU
		{2D67DA9C-B615-439D-B13A-BD26B0C7ECC8}.Release|Any CPU.Build.0 = Release|Any CPU
	EndGlobalSection
	GlobalSection(SolutionProperties) = preSolution
		HideSolutionNode = FALSE
	EndGlobalSection
	GlobalSection(ExtensibilityGlobals) = postSolution
		SolutionGuid = {045FD440-A07D-4237-A772-93441B8271BE}
	EndGlobalSection
EndGlobal
